{
  "name": "nginx-certbot",
  "requires": true,
  "lockfileVersion": 1,
  "dependencies": {
    "minimist": {
      "version": "1.2.2",
      "resolved": "https://registry.npmjs.org/minimist/-/minimist-1.2.2.tgz",
      "integrity": "sha512-rIqbOrKb8GJmx/5bc2M0QchhUouMXSpd1RTclXsB41JdL+VtnojfaJR+h7F9k18/4kHUsBFgk80Uk+q569vjPA=="
    },
    "nginx-conf": {
      "version": "1.5.0",
      "resolved": "https://registry.npmjs.org/nginx-conf/-/nginx-conf-1.5.0.tgz",
      "integrity": "sha512-bzVqdmATU1U9dNn9T9NVoczRJArydh6rGMxg9f8gLhzsPdQkGDqD8H1EcERgeKoLH3UC9mPiDTR6eyi2uDn/kQ=="
    }
  }
}
