{
  "name": "nginx-certbot",
  "requires": true,
  "lockfileVersion": 1,
  "dependencies": {
    "minimist": {
      "version": "1.2.0",
      "resolved": "https://registry.npmjs.org/minimist/-/minimist-1.2.0.tgz",
      "integrity": "sha1-o1AIsg9BOD7sH7kU9M1d95omQoQ="
    },
    "nginx-conf": {
      "version": "1.5.0",
      "resolved": "https://registry.npmjs.org/nginx-conf/-/nginx-conf-1.5.0.tgz",
      "integrity": "sha512-bzVqdmATU1U9dNn9T9NVoczRJArydh6rGMxg9f8gLhzsPdQkGDqD8H1EcERgeKoLH3UC9mPiDTR6eyi2uDn/kQ=="
    }
  }
}
